<Solution>
  <Folder Name="/_Global/">
    <File Path=".gitattributes" />
    <File Path=".gitignore" />
    <File Path=".github\workflows\azure-static-web-apps-white-beach-07a1db903.yml" />
    <File Path="global.json" />
    <File Path="Directory.Build.props" />
    <File Path="Directory.Build.targets" />
    <File Path="Directory.Packages.props" />
  </Folder>
  <Project Path="Api\Api.csproj" />
  <Project Path="Client\Client.csproj" />
  <Project Path="EtAlii.Adp\EtAlii.Adp.csproj" Type="Classic C#" />
  <Project Path="Shared\Shared.csproj" />
</Solution>