
Microsoft Visual Studio Solution File, Format Version 12.00
# Visual Studio Version 17
VisualStudioVersion = 17.0.31903.59
MinimumVisualStudioVersion = 10.0.40219.1
Project("{FAE04EC0-301F-11D3-BF4B-00C04F79EFBC}") = "Alpha", "Alpha.csproj", "{F804E91D-2DC9-4938-91BA-0DD05DFDEEB7}"
EndProject
Project("{2150E333-8FDC-42A3-9474-1A3956D46DE8}") = "nested", "nested", "{5A3ABCDA-ED69-FFE8-FA34-D8E82C5781BB}"
EndProject
Project("{FAE04EC0-301F-11D3-BF4B-00C04F79EFBC}") = "Beta", "nested\Beta.csproj", "{245DC25A-E5D6-4601-9723-A12CC3CBFD7D}"
EndProject
Project("{FAE04EC0-301F-11D3-BF4B-00C04F79EFBC}") = "Missing", "Missing.csproj", "{28C67ECC-638E-4601-B2CF-28C563030341}"
EndProject
Global
	GlobalSection(SolutionConfigurationPlatforms) = preSolution
		Debug|Any CPU = Debug|Any CPU
		Debug|x64 = Debug|x64
		Debug|x86 = Debug|x86
		Release|Any CPU = Release|Any CPU
		Release|x64 = Release|x64
		Release|x86 = Release|x86
	EndGlobalSection
	GlobalSection(ProjectConfigurationPlatforms) = postSolution
		{F804E91D-2DC9-4938-91BA-0DD05DFDEEB7}.Debug|Any CPU.ActiveCfg = Debug|Any CPU
		{F804E91D-2DC9-4938-91BA-0DD05DFDEEB7}.Debug|Any CPU.Build.0 = Debug|Any CPU
		{F804E91D-2DC9-4938-91BA-0DD05DFDEEB7}.Debug|x64.ActiveCfg = Debug|Any CPU
		{F804E91D-2DC9-4938-91BA-0DD05DFDEEB7}.Debug|x64.Build.0 = Debug|Any CPU
		{F804E91D-2DC9-4938-91BA-0DD05DFDEEB7}.Debug|x86.ActiveCfg = Debug|Any CPU
		{F804E91D-2DC9-4938-91BA-0DD05DFDEEB7}.Debug|x86.Build.0 = Debug|Any CPU
		{F804E91D-2DC9-4938-91BA-0DD05DFDEEB7}.Release|Any CPU.ActiveCfg = Release|Any CPU
		{F804E91D-2DC9-4938-91BA-0DD05DFDEEB7}.Release|Any CPU.Build.0 = Release|Any CPU
		{F804E91D-2DC9-4938-91BA-0DD05DFDEEB7}.Release|x64.ActiveCfg = Release|Any CPU
		{F804E91D-2DC9-4938-91BA-0DD05DFDEEB7}.Release|x64.Build.0 = Release|Any CPU
		{F804E91D-2DC9-4938-91BA-0DD05DFDEEB7}.Release|x86.ActiveCfg = Release|Any CPU
		{F804E91D-2DC9-4938-91BA-0DD05DFDEEB7}.Release|x86.Build.0 = Release|Any CPU
		{245DC25A-E5D6-4601-9723-A12CC3CBFD7D}.Debug|Any CPU.ActiveCfg = Debug|Any CPU
		{245DC25A-E5D6-4601-9723-A12CC3CBFD7D}.Debug|Any CPU.Build.0 = Debug|Any CPU
		{245DC25A-E5D6-4601-9723-A12CC3CBFD7D}.Debug|x64.ActiveCfg = Debug|Any CPU
		{245DC25A-E5D6-4601-9723-A12CC3CBFD7D}.Debug|x64.Build.0 = Debug|Any CPU
		{245DC25A-E5D6-4601-9723-A12CC3CBFD7D}.Debug|x86.ActiveCfg = Debug|Any CPU
		{245DC25A-E5D6-4601-9723-A12CC3CBFD7D}.Debug|x86.Build.0 = Debug|Any CPU
		{245DC25A-E5D6-4601-9723-A12CC3CBFD7D}.Release|Any CPU.ActiveCfg = Release|Any CPU
		{245DC25A-E5D6-4601-9723-A12CC3CBFD7D}.Release|Any CPU.Build.0 = Release|Any CPU
		{245DC25A-E5D6-4601-9723-A12CC3CBFD7D}.Release|x64.ActiveCfg = Release|Any CPU
		{245DC25A-E5D6-4601-9723-A12CC3CBFD7D}.Release|x64.Build.0 = Release|Any CPU
		{245DC25A-E5D6-4601-9723-A12CC3CBFD7D}.Release|x86.ActiveCfg = Release|Any CPU
		{245DC25A-E5D6-4601-9723-A12CC3CBFD7D}.Release|x86.Build.0 = Release|Any CPU
		{28C67ECC-638E-4601-B2CF-28C563030341}.Debug|Any CPU.ActiveCfg = Debug|Any CPU
		{28C67ECC-638E-4601-B2CF-28C563030341}.Debug|Any CPU.Build.0 = Debug|Any CPU
		{28C67ECC-638E-4601-B2CF-28C563030341}.Debug|x64.ActiveCfg = Debug|Any CPU
		{28C67ECC-638E-4601-B2CF-28C563030341}.Debug|x64.Build.0 = Debug|Any CPU
		{28C67ECC-638E-4601-B2CF-28C563030341}.Debug|x86.ActiveCfg = Debug|Any CPU
		{28C67ECC-638E-4601-B2CF-28C563030341}.Debug|x86.Build.0 = Debug|Any CPU
		{28C67ECC-638E-4601-B2CF-28C563030341}.Release|Any CPU.ActiveCfg = Release|Any CPU
		{28C67ECC-638E-4601-B2CF-28C563030341}.Release|Any CPU.Build.0 = Release|Any CPU
		{28C67ECC-638E-4601-B2CF-28C563030341}.Release|x64.ActiveCfg = Release|Any CPU
		{28C67ECC-638E-4601-B2CF-28C563030341}.Release|x64.Build.0 = Release|Any CPU
		{28C67ECC-638E-4601-B2CF-28C563030341}.Release|x86.ActiveCfg = Release|Any CPU
		{28C67ECC-638E-4601-B2CF-28C563030341}.Release|x86.Build.0 = Release|Any CPU
	EndGlobalSection
	GlobalSection(SolutionProperties) = preSolution
		HideSolutionNode = FALSE
	EndGlobalSection
	GlobalSection(NestedProjects) = preSolution
		{245DC25A-E5D6-4601-9723-A12CC3CBFD7D} = {5A3ABCDA-ED69-FFE8-FA34-D8E82C5781BB}
	EndGlobalSection
EndGlobal
