<Solution>
  <Folder Name="/_Globals/">
    <File Path="../client/.editorconfig" />
    <File Path=".editorconfig" />
    <File Path="Directory.Build.props" />
    <File Path="Directory.Packages.props" />
    <File Path="global.json" />
  </Folder>
  <Project Path="EtAlii.Adp/EtAlii.Adp.csproj" />
  <Project Path="EtAlii.Adp.Tests/EtAlii.Adp.Tests.csproj" />
  <Project Path="EtAlii.Adp.Backend.Service/EtAlii.Adp.Backend.Service.csproj" />
  <Project Path="EtAlii.Adp.Backend.Tests/EtAlii.Adp.Backend.Tests.csproj" />
  <Project Path="EtAlii.Adp.Backend/EtAlii.Adp.Backend.csproj" />
</Solution>
