<Solution>
  <Folder Name="/_Globals/">
    <File Path="../../.gitignore" />
    <File Path="../../CLAUDE.md" />
    <File Path="../.editorconfig" />
    <File Path="../Directory.Build.props" />
    <File Path="../Directory.Packages.props" />
    <File Path="../global.json" />
  </Folder>
  <Project Path="EtAlii.Adp/EtAlii.Adp.csproj" />
  <Project Path="EtAlii.Adp.Diagram/EtAlii.Adp.Diagram.csproj" />
  <Project Path="EtAlii.Adp.Diagram.Tests/EtAlii.Adp.Diagram.Tests.csproj" />
  <Project Path="EtAlii.Adp.Tests/EtAlii.Adp.Tests.csproj" />
  <Project Path="EtAlii.Adp.Backend.Service/EtAlii.Adp.Backend.Service.csproj" />
  <Project Path="EtAlii.Adp.Backend.Tests/EtAlii.Adp.Backend.Tests.csproj" />
  <Project Path="EtAlii.Adp.Backend/EtAlii.Adp.Backend.csproj" />
  <Folder Name="/Diagrams/">
    <Project Path="../diagrams/mindmap/backend/EtAlii.Adp.Diagram.Mindmap/EtAlii.Adp.Diagram.Mindmap.csproj" />
    <Project Path="../diagrams/mindmap/backend/EtAlii.Adp.Diagram.Mindmap.Tests/EtAlii.Adp.Diagram.Mindmap.Tests.csproj" />
    <!-- All seven C4 notations: one engine, one assembly, one Definitions array. -->
    <Project Path="../diagrams/c4/backend/EtAlii.Adp.Diagram.C4/EtAlii.Adp.Diagram.C4.csproj" />
    <Project Path="../diagrams/c4/backend/EtAlii.Adp.Diagram.C4.Tests/EtAlii.Adp.Diagram.C4.Tests.csproj" />
    <Project Path="../diagrams/archimate-application/backend/EtAlii.Adp.Diagram.ArchimateApplication/EtAlii.Adp.Diagram.ArchimateApplication.csproj" />
    <Project Path="../diagrams/archimate-application/backend/EtAlii.Adp.Diagram.ArchimateApplication.Tests/EtAlii.Adp.Diagram.ArchimateApplication.Tests.csproj" />
    <Project Path="../diagrams/archimate-business/backend/EtAlii.Adp.Diagram.ArchimateBusiness/EtAlii.Adp.Diagram.ArchimateBusiness.csproj" />
    <Project Path="../diagrams/archimate-business/backend/EtAlii.Adp.Diagram.ArchimateBusiness.Tests/EtAlii.Adp.Diagram.ArchimateBusiness.Tests.csproj" />
    <Project Path="../diagrams/archimate-implementation-migration/backend/EtAlii.Adp.Diagram.ArchimateImplementationMigration/EtAlii.Adp.Diagram.ArchimateImplementationMigration.csproj" />
    <Project Path="../diagrams/archimate-implementation-migration/backend/EtAlii.Adp.Diagram.ArchimateImplementationMigration.Tests/EtAlii.Adp.Diagram.ArchimateImplementationMigration.Tests.csproj" />
    <Project Path="../diagrams/archimate-motivation/backend/EtAlii.Adp.Diagram.ArchimateMotivation/EtAlii.Adp.Diagram.ArchimateMotivation.csproj" />
    <Project Path="../diagrams/archimate-motivation/backend/EtAlii.Adp.Diagram.ArchimateMotivation.Tests/EtAlii.Adp.Diagram.ArchimateMotivation.Tests.csproj" />
    <Project Path="../diagrams/archimate-strategy/backend/EtAlii.Adp.Diagram.ArchimateStrategy/EtAlii.Adp.Diagram.ArchimateStrategy.csproj" />
    <Project Path="../diagrams/archimate-strategy/backend/EtAlii.Adp.Diagram.ArchimateStrategy.Tests/EtAlii.Adp.Diagram.ArchimateStrategy.Tests.csproj" />
    <Project Path="../diagrams/archimate-technology/backend/EtAlii.Adp.Diagram.ArchimateTechnology/EtAlii.Adp.Diagram.ArchimateTechnology.csproj" />
    <Project Path="../diagrams/archimate-technology/backend/EtAlii.Adp.Diagram.ArchimateTechnology.Tests/EtAlii.Adp.Diagram.ArchimateTechnology.Tests.csproj" />
    <Project Path="../diagrams/aws-architecture/backend/EtAlii.Adp.Diagram.AwsArchitecture/EtAlii.Adp.Diagram.AwsArchitecture.csproj" />
    <Project Path="../diagrams/aws-architecture/backend/EtAlii.Adp.Diagram.AwsArchitecture.Tests/EtAlii.Adp.Diagram.AwsArchitecture.Tests.csproj" />
    <Project Path="../diagrams/azure-architecture/backend/EtAlii.Adp.Diagram.AzureArchitecture/EtAlii.Adp.Diagram.AzureArchitecture.csproj" />
    <Project Path="../diagrams/azure-architecture/backend/EtAlii.Adp.Diagram.AzureArchitecture.Tests/EtAlii.Adp.Diagram.AzureArchitecture.Tests.csproj" />
    <Project Path="../diagrams/bpmn-process/backend/EtAlii.Adp.Diagram.BpmnProcess/EtAlii.Adp.Diagram.BpmnProcess.csproj" />
    <Project Path="../diagrams/bpmn-process/backend/EtAlii.Adp.Diagram.BpmnProcess.Tests/EtAlii.Adp.Diagram.BpmnProcess.Tests.csproj" />
    <Project Path="../diagrams/cmap-concept-map/backend/EtAlii.Adp.Diagram.CmapConceptMap/EtAlii.Adp.Diagram.CmapConceptMap.csproj" />
    <Project Path="../diagrams/cmap-concept-map/backend/EtAlii.Adp.Diagram.CmapConceptMap.Tests/EtAlii.Adp.Diagram.CmapConceptMap.Tests.csproj" />
    <Project Path="../diagrams/contextmapper-context-map/backend/EtAlii.Adp.Diagram.ContextmapperContextMap/EtAlii.Adp.Diagram.ContextmapperContextMap.csproj" />
    <Project Path="../diagrams/contextmapper-context-map/backend/EtAlii.Adp.Diagram.ContextmapperContextMap.Tests/EtAlii.Adp.Diagram.ContextmapperContextMap.Tests.csproj" />
    <Project Path="../diagrams/d2-diagram/backend/EtAlii.Adp.Diagram.D2Diagram/EtAlii.Adp.Diagram.D2Diagram.csproj" />
    <Project Path="../diagrams/d2-diagram/backend/EtAlii.Adp.Diagram.D2Diagram.Tests/EtAlii.Adp.Diagram.D2Diagram.Tests.csproj" />
    <Project Path="../diagrams/ddd-context-map/backend/EtAlii.Adp.Diagram.DddContextMap/EtAlii.Adp.Diagram.DddContextMap.csproj" />
    <Project Path="../diagrams/ddd-context-map/backend/EtAlii.Adp.Diagram.DddContextMap.Tests/EtAlii.Adp.Diagram.DddContextMap.Tests.csproj" />
    <Project Path="../diagrams/ddd-event-storming/backend/EtAlii.Adp.Diagram.DddEventStorming/EtAlii.Adp.Diagram.DddEventStorming.csproj" />
    <Project Path="../diagrams/ddd-event-storming/backend/EtAlii.Adp.Diagram.DddEventStorming.Tests/EtAlii.Adp.Diagram.DddEventStorming.Tests.csproj" />
    <Project Path="../diagrams/dfd-data-flow/backend/EtAlii.Adp.Diagram.DfdDataFlow/EtAlii.Adp.Diagram.DfdDataFlow.csproj" />
    <Project Path="../diagrams/dfd-data-flow/backend/EtAlii.Adp.Diagram.DfdDataFlow.Tests/EtAlii.Adp.Diagram.DfdDataFlow.Tests.csproj" />
    <Project Path="../diagrams/diagrams-python-cloud-infrastructure/backend/EtAlii.Adp.Diagram.DiagramsPythonCloudInfrastructure/EtAlii.Adp.Diagram.DiagramsPythonCloudInfrastructure.csproj" />
    <Project Path="../diagrams/diagrams-python-cloud-infrastructure/backend/EtAlii.Adp.Diagram.DiagramsPythonCloudInfrastructure.Tests/EtAlii.Adp.Diagram.DiagramsPythonCloudInfrastructure.Tests.csproj" />
    <Project Path="../diagrams/erd-entity-relationship/backend/EtAlii.Adp.Diagram.ErdEntityRelationship/EtAlii.Adp.Diagram.ErdEntityRelationship.csproj" />
    <Project Path="../diagrams/erd-entity-relationship/backend/EtAlii.Adp.Diagram.ErdEntityRelationship.Tests/EtAlii.Adp.Diagram.ErdEntityRelationship.Tests.csproj" />
    <Project Path="../diagrams/gcp-architecture/backend/EtAlii.Adp.Diagram.GcpArchitecture/EtAlii.Adp.Diagram.GcpArchitecture.csproj" />
    <Project Path="../diagrams/gcp-architecture/backend/EtAlii.Adp.Diagram.GcpArchitecture.Tests/EtAlii.Adp.Diagram.GcpArchitecture.Tests.csproj" />
    <Project Path="../diagrams/generic-swimlane/backend/EtAlii.Adp.Diagram.GenericSwimlane/EtAlii.Adp.Diagram.GenericSwimlane.csproj" />
    <Project Path="../diagrams/generic-swimlane/backend/EtAlii.Adp.Diagram.GenericSwimlane.Tests/EtAlii.Adp.Diagram.GenericSwimlane.Tests.csproj" />
    <Project Path="../diagrams/iso-flowchart/backend/EtAlii.Adp.Diagram.IsoFlowchart/EtAlii.Adp.Diagram.IsoFlowchart.csproj" />
    <Project Path="../diagrams/iso-flowchart/backend/EtAlii.Adp.Diagram.IsoFlowchart.Tests/EtAlii.Adp.Diagram.IsoFlowchart.Tests.csproj" />
    <Project Path="../diagrams/mermaid-architecture/backend/EtAlii.Adp.Diagram.MermaidArchitecture/EtAlii.Adp.Diagram.MermaidArchitecture.csproj" />
    <Project Path="../diagrams/mermaid-architecture/backend/EtAlii.Adp.Diagram.MermaidArchitecture.Tests/EtAlii.Adp.Diagram.MermaidArchitecture.Tests.csproj" />
    <Project Path="../diagrams/mermaid-c4/backend/EtAlii.Adp.Diagram.MermaidC4/EtAlii.Adp.Diagram.MermaidC4.csproj" />
    <Project Path="../diagrams/mermaid-c4/backend/EtAlii.Adp.Diagram.MermaidC4.Tests/EtAlii.Adp.Diagram.MermaidC4.Tests.csproj" />
    <Project Path="../diagrams/mermaid-class/backend/EtAlii.Adp.Diagram.MermaidClass/EtAlii.Adp.Diagram.MermaidClass.csproj" />
    <Project Path="../diagrams/mermaid-class/backend/EtAlii.Adp.Diagram.MermaidClass.Tests/EtAlii.Adp.Diagram.MermaidClass.Tests.csproj" />
    <Project Path="../diagrams/mermaid-er/backend/EtAlii.Adp.Diagram.MermaidEr/EtAlii.Adp.Diagram.MermaidEr.csproj" />
    <Project Path="../diagrams/mermaid-er/backend/EtAlii.Adp.Diagram.MermaidEr.Tests/EtAlii.Adp.Diagram.MermaidEr.Tests.csproj" />
    <Project Path="../diagrams/mermaid-flowchart/backend/EtAlii.Adp.Diagram.MermaidFlowchart/EtAlii.Adp.Diagram.MermaidFlowchart.csproj" />
    <Project Path="../diagrams/mermaid-flowchart/backend/EtAlii.Adp.Diagram.MermaidFlowchart.Tests/EtAlii.Adp.Diagram.MermaidFlowchart.Tests.csproj" />
    <Project Path="../diagrams/mermaid-gantt/backend/EtAlii.Adp.Diagram.MermaidGantt/EtAlii.Adp.Diagram.MermaidGantt.csproj" />
    <Project Path="../diagrams/mermaid-gantt/backend/EtAlii.Adp.Diagram.MermaidGantt.Tests/EtAlii.Adp.Diagram.MermaidGantt.Tests.csproj" />
    <Project Path="../diagrams/mermaid-sequence/backend/EtAlii.Adp.Diagram.MermaidSequence/EtAlii.Adp.Diagram.MermaidSequence.csproj" />
    <Project Path="../diagrams/mermaid-sequence/backend/EtAlii.Adp.Diagram.MermaidSequence.Tests/EtAlii.Adp.Diagram.MermaidSequence.Tests.csproj" />
    <Project Path="../diagrams/mermaid-state/backend/EtAlii.Adp.Diagram.MermaidState/EtAlii.Adp.Diagram.MermaidState.csproj" />
    <Project Path="../diagrams/mermaid-state/backend/EtAlii.Adp.Diagram.MermaidState.Tests/EtAlii.Adp.Diagram.MermaidState.Tests.csproj" />
    <Project Path="../diagrams/network-topology/backend/EtAlii.Adp.Diagram.NetworkTopology/EtAlii.Adp.Diagram.NetworkTopology.csproj" />
    <Project Path="../diagrams/network-topology/backend/EtAlii.Adp.Diagram.NetworkTopology.Tests/EtAlii.Adp.Diagram.NetworkTopology.Tests.csproj" />
    <Project Path="../diagrams/plantuml-c4/backend/EtAlii.Adp.Diagram.PlantumlC4/EtAlii.Adp.Diagram.PlantumlC4.csproj" />
    <Project Path="../diagrams/plantuml-c4/backend/EtAlii.Adp.Diagram.PlantumlC4.Tests/EtAlii.Adp.Diagram.PlantumlC4.Tests.csproj" />
    <Project Path="../diagrams/plantuml-uml/backend/EtAlii.Adp.Diagram.PlantumlUml/EtAlii.Adp.Diagram.PlantumlUml.csproj" />
    <Project Path="../diagrams/plantuml-uml/backend/EtAlii.Adp.Diagram.PlantumlUml.Tests/EtAlii.Adp.Diagram.PlantumlUml.Tests.csproj" />
    <Project Path="../diagrams/structurizr-c4/backend/EtAlii.Adp.Diagram.StructurizrC4/EtAlii.Adp.Diagram.StructurizrC4.csproj" />
    <Project Path="../diagrams/structurizr-c4/backend/EtAlii.Adp.Diagram.StructurizrC4.Tests/EtAlii.Adp.Diagram.StructurizrC4.Tests.csproj" />
    <Project Path="../diagrams/togaf-adm/backend/EtAlii.Adp.Diagram.TogafAdm/EtAlii.Adp.Diagram.TogafAdm.csproj" />
    <Project Path="../diagrams/togaf-adm/backend/EtAlii.Adp.Diagram.TogafAdm.Tests/EtAlii.Adp.Diagram.TogafAdm.Tests.csproj" />
    <Project Path="../diagrams/uml-activity/backend/EtAlii.Adp.Diagram.UmlActivity/EtAlii.Adp.Diagram.UmlActivity.csproj" />
    <Project Path="../diagrams/uml-activity/backend/EtAlii.Adp.Diagram.UmlActivity.Tests/EtAlii.Adp.Diagram.UmlActivity.Tests.csproj" />
    <Project Path="../diagrams/uml-class/backend/EtAlii.Adp.Diagram.UmlClass/EtAlii.Adp.Diagram.UmlClass.csproj" />
    <Project Path="../diagrams/uml-class/backend/EtAlii.Adp.Diagram.UmlClass.Tests/EtAlii.Adp.Diagram.UmlClass.Tests.csproj" />
    <Project Path="../diagrams/uml-communication/backend/EtAlii.Adp.Diagram.UmlCommunication/EtAlii.Adp.Diagram.UmlCommunication.csproj" />
    <Project Path="../diagrams/uml-communication/backend/EtAlii.Adp.Diagram.UmlCommunication.Tests/EtAlii.Adp.Diagram.UmlCommunication.Tests.csproj" />
    <Project Path="../diagrams/uml-component/backend/EtAlii.Adp.Diagram.UmlComponent/EtAlii.Adp.Diagram.UmlComponent.csproj" />
    <Project Path="../diagrams/uml-component/backend/EtAlii.Adp.Diagram.UmlComponent.Tests/EtAlii.Adp.Diagram.UmlComponent.Tests.csproj" />
    <Project Path="../diagrams/uml-composite-structure/backend/EtAlii.Adp.Diagram.UmlCompositeStructure/EtAlii.Adp.Diagram.UmlCompositeStructure.csproj" />
    <Project Path="../diagrams/uml-composite-structure/backend/EtAlii.Adp.Diagram.UmlCompositeStructure.Tests/EtAlii.Adp.Diagram.UmlCompositeStructure.Tests.csproj" />
    <Project Path="../diagrams/uml-deployment/backend/EtAlii.Adp.Diagram.UmlDeployment/EtAlii.Adp.Diagram.UmlDeployment.csproj" />
    <Project Path="../diagrams/uml-deployment/backend/EtAlii.Adp.Diagram.UmlDeployment.Tests/EtAlii.Adp.Diagram.UmlDeployment.Tests.csproj" />
    <Project Path="../diagrams/uml-interaction-overview/backend/EtAlii.Adp.Diagram.UmlInteractionOverview/EtAlii.Adp.Diagram.UmlInteractionOverview.csproj" />
    <Project Path="../diagrams/uml-interaction-overview/backend/EtAlii.Adp.Diagram.UmlInteractionOverview.Tests/EtAlii.Adp.Diagram.UmlInteractionOverview.Tests.csproj" />
    <Project Path="../diagrams/uml-object/backend/EtAlii.Adp.Diagram.UmlObject/EtAlii.Adp.Diagram.UmlObject.csproj" />
    <Project Path="../diagrams/uml-object/backend/EtAlii.Adp.Diagram.UmlObject.Tests/EtAlii.Adp.Diagram.UmlObject.Tests.csproj" />
    <Project Path="../diagrams/uml-package/backend/EtAlii.Adp.Diagram.UmlPackage/EtAlii.Adp.Diagram.UmlPackage.csproj" />
    <Project Path="../diagrams/uml-package/backend/EtAlii.Adp.Diagram.UmlPackage.Tests/EtAlii.Adp.Diagram.UmlPackage.Tests.csproj" />
    <Project Path="../diagrams/uml-profile/backend/EtAlii.Adp.Diagram.UmlProfile/EtAlii.Adp.Diagram.UmlProfile.csproj" />
    <Project Path="../diagrams/uml-profile/backend/EtAlii.Adp.Diagram.UmlProfile.Tests/EtAlii.Adp.Diagram.UmlProfile.Tests.csproj" />
    <Project Path="../diagrams/uml-sequence/backend/EtAlii.Adp.Diagram.UmlSequence/EtAlii.Adp.Diagram.UmlSequence.csproj" />
    <Project Path="../diagrams/uml-sequence/backend/EtAlii.Adp.Diagram.UmlSequence.Tests/EtAlii.Adp.Diagram.UmlSequence.Tests.csproj" />
    <Project Path="../diagrams/uml-state-machine/backend/EtAlii.Adp.Diagram.UmlStateMachine/EtAlii.Adp.Diagram.UmlStateMachine.csproj" />
    <Project Path="../diagrams/uml-state-machine/backend/EtAlii.Adp.Diagram.UmlStateMachine.Tests/EtAlii.Adp.Diagram.UmlStateMachine.Tests.csproj" />
    <Project Path="../diagrams/uml-timing/backend/EtAlii.Adp.Diagram.UmlTiming/EtAlii.Adp.Diagram.UmlTiming.csproj" />
    <Project Path="../diagrams/uml-timing/backend/EtAlii.Adp.Diagram.UmlTiming.Tests/EtAlii.Adp.Diagram.UmlTiming.Tests.csproj" />
    <Project Path="../diagrams/uml-use-case/backend/EtAlii.Adp.Diagram.UmlUseCase/EtAlii.Adp.Diagram.UmlUseCase.csproj" />
    <Project Path="../diagrams/uml-use-case/backend/EtAlii.Adp.Diagram.UmlUseCase.Tests/EtAlii.Adp.Diagram.UmlUseCase.Tests.csproj" />
    <Project Path="../diagrams/wardley-map/backend/EtAlii.Adp.Diagram.WardleyMap/EtAlii.Adp.Diagram.WardleyMap.csproj" />
    <Project Path="../diagrams/wardley-map/backend/EtAlii.Adp.Diagram.WardleyMap.Tests/EtAlii.Adp.Diagram.WardleyMap.Tests.csproj" />
    <Project Path="../diagrams/zachman-matrix/backend/EtAlii.Adp.Diagram.ZachmanMatrix/EtAlii.Adp.Diagram.ZachmanMatrix.csproj" />
    <Project Path="../diagrams/zachman-matrix/backend/EtAlii.Adp.Diagram.ZachmanMatrix.Tests/EtAlii.Adp.Diagram.ZachmanMatrix.Tests.csproj" />
  </Folder>
</Solution>
