<Solution>
  <Folder Name="/_Globals/">
    <File Path="Directory.Packages.props" />
    <File Path="global.json" />
  </Folder>
  <Project Path="EtAlii.Adp.Backend.Service/EtAlii.Adp.Backend.Service.csproj" />
  <Project Path="EtAlii.Adp.Backend.Tests/EtAlii.Adp.Backend.Tests.csproj" />
  <Project Path="EtAlii.Adp.Backend/EtAlii.Adp.Backend.csproj" />
</Solution>
